
Microsoft Visual Studio Solution File, Format Version 12.00
# Visual Studio Version 17
VisualStudioVersion = 17.0.32112.339
MinimumVisualStudioVersion = 10.0.40219.1
Project("{FAE04EC0-301F-11D3-BF4B-00C04F79EFBC}") = "Hangman", "Hangman.csproj", "{E43AED57-E4C6-4C74-91A4-18F242A4B1BB}"
EndProject
Global
	GlobalSection(SolutionConfigurationPlatforms) = preSolution
		Debug|Any CPU = Debug|Any CPU
		Release|Any CPU = Release|Any CPU
	EndGlobalSection
	GlobalSection(ProjectConfigurationPlatforms) = postSolution
		{E43AED57-E4C6-4C74-91A4-18F242A4B1BB}.Debug|Any CPU.ActiveCfg = Debug|Any CPU
		{E43AED57-E4C6-4C74-91A4-18F242A4B1BB}.Debug|Any CPU.Build.0 = Debug|Any CPU
		{E43AED57-E4C6-4C74-91A4-18F242A4B1BB}.Release|Any CPU.ActiveCfg = Release|Any CPU
		{E43AED57-E4C6-4C74-91A4-18F242A4B1BB}.Release|Any CPU.Build.0 = Release|Any CPU
	EndGlobalSection
	GlobalSection(SolutionProperties) = preSolution
		HideSolutionNode = FALSE
	EndGlobalSection
	GlobalSection(ExtensibilityGlobals) = postSolution
		SolutionGuid = {E2B81784-5D0D-482E-AA42-AD752F4E97E5}
	EndGlobalSection
EndGlobal
